PODS:
  - Masonry (1.1.0)
  - ZBFancyCollectionView (1.2.0)

DEPENDENCIES:
  - Masonry
  - ZBFancyCollectionView (from `../`)

SPEC REPOS:
  trunk:
    - Masonry

EXTERNAL SOURCES:
  ZBFancyCollectionView:
    :path: "../"

SPEC CHECKSUMS:
  Masonry: 678fab65091a9290e40e2832a55e7ab731aad201
  ZBFancyCollectionView: aa2fdd312f8973c4519b32dcaac167bc8648b595

PODFILE CHECKSUM: 1482c4b9ddfb8bc9425ed6aee3b7a8c83b2dcf0e

COCOAPODS: 1.12.1
